
Microsoft Visual Studio Solution File, Format Version 12.00
# Visual Studio Version 17
VisualStudioVersion = 17.8.34322.80
MinimumVisualStudioVersion = 10.0.40219.1
Project("{FAE04EC0-301F-11D3-BF4B-00C04F79EFBC}") = "PerformanceTrackingService", "PerformanceTrackingService\PerformanceTrackingService.csproj", "{6960FA75-D48D-4736-A4F0-04F9039B5025}"
EndProject
Global
	GlobalSection(SolutionConfigurationPlatforms) = preSolution
		Debug|Any CPU = Debug|Any CPU
		Release|Any CPU = Release|Any CPU
	EndGlobalSection
	GlobalSection(ProjectConfigurationPlatforms) = postSolution
		{6960FA75-D48D-4736-A4F0-04F9039B5025}.Debug|Any CPU.ActiveCfg = Debug|Any CPU
		{6960FA75-D48D-4736-A4F0-04F9039B5025}.Debug|Any CPU.Build.0 = Debug|Any CPU
		{6960FA75-D48D-4736-A4F0-04F9039B5025}.Release|Any CPU.ActiveCfg = Release|Any CPU
		{6960FA75-D48D-4736-A4F0-04F9039B5025}.Release|Any CPU.Build.0 = Release|Any CPU
	EndGlobalSection
	GlobalSection(SolutionProperties) = preSolution
		HideSolutionNode = FALSE
	EndGlobalSection
	GlobalSection(ExtensibilityGlobals) = postSolution
		SolutionGuid = {2505AB53-7DC5-447D-8B58-5E74AEB31B1F}
	EndGlobalSection
EndGlobal
